<Solution>
  <Folder Name="/src/">
    <Project Path="src/IdScrambler/IdScrambler.csproj" />
    <Project Path="src/IdScrambler.AspNetCore/IdScrambler.AspNetCore.csproj" />
  </Folder>
  <Folder Name="/tests/">
    <Project Path="tests/IdScrambler.Tests/IdScrambler.Tests.csproj" />
  </Folder>
  <Folder Name="/benchmarks/">
    <Project Path="benchmarks/IdScrambler.Benchmarks/IdScrambler.Benchmarks.csproj" />
  </Folder>
</Solution>
